
Microsoft Visual Studio Solution File, Format Version 12.00
# Visual Studio Version 16
VisualStudioVersion = 25.0.1706.4
MinimumVisualStudioVersion = 10.0.40219.1
Project("{FAE04EC0-301F-11D3-BF4B-00C04F79EFBC}") = "AppFinance", "AppFinance\AppFinance.csproj", "{C3FFB5D4-45E8-4248-B5E6-1FEE12DA3542}"
EndProject
Global
	GlobalSection(SolutionConfigurationPlatforms) = preSolution
		Debug|Any CPU = Debug|Any CPU
		Release|Any CPU = Release|Any CPU
	EndGlobalSection
	GlobalSection(ProjectConfigurationPlatforms) = postSolution
		{C3FFB5D4-45E8-4248-B5E6-1FEE12DA3542}.Debug|Any CPU.ActiveCfg = Debug|Any CPU
		{C3FFB5D4-45E8-4248-B5E6-1FEE12DA3542}.Debug|Any CPU.Build.0 = Debug|Any CPU
		{C3FFB5D4-45E8-4248-B5E6-1FEE12DA3542}.Release|Any CPU.ActiveCfg = Release|Any CPU
		{C3FFB5D4-45E8-4248-B5E6-1FEE12DA3542}.Release|Any CPU.Build.0 = Release|Any CPU
	EndGlobalSection
	GlobalSection(SolutionProperties) = preSolution
		HideSolutionNode = FALSE
	EndGlobalSection
	GlobalSection(ExtensibilityGlobals) = postSolution
		SolutionGuid = {C7E834FB-A4E6-45C6-9F53-B6477B0DD904}
	EndGlobalSection
EndGlobal
